
Microsoft Visual Studio Solution File, Format Version 12.00
# Visual Studio 15
Project("{FAE04EC0-301F-11D3-BF4B-00C04F79EFBC}") = "ScrollCollectionView", "ScrollCollectionView\ScrollCollectionView.csproj", "{C3E0B2E5-793C-4ADA-BC1F-715D40A7B2D3}"
EndProject
Project("{FAE04EC0-301F-11D3-BF4B-00C04F79EFBC}") = "ScrollCollectionViewTest.Android", "ScrollCollectionViewTest.Android\ScrollCollectionViewTest.Android.csproj", "{A77377EF-92CC-47A2-BF6F-32E46567CAF9}"
EndProject
Project("{FAE04EC0-301F-11D3-BF4B-00C04F79EFBC}") = "ScrollCollectionViewTest.iOS", "ScrollCollectionViewTest.iOS\ScrollCollectionViewTest.iOS.csproj", "{DEF4C9A9-3E18-44C5-AFA1-A1D684E22D33}"
EndProject
Project("{FAE04EC0-301F-11D3-BF4B-00C04F79EFBC}") = "ScrollCollectionViewTest", "ScrollCollectionViewTest\ScrollCollectionViewTest.csproj", "{85DE294A-FEC0-4363-9ABD-8B178D938786}"
EndProject
Global
	GlobalSection(SolutionConfigurationPlatforms) = preSolution
		Debug|Any CPU = Debug|Any CPU
		Release|Any CPU = Release|Any CPU
		Debug|iPhoneSimulator = Debug|iPhoneSimulator
		Release|iPhoneSimulator = Release|iPhoneSimulator
		Debug|iPhone = Debug|iPhone
		Release|iPhone = Release|iPhone
	EndGlobalSection
	GlobalSection(ProjectConfigurationPlatforms) = postSolution
		{C3E0B2E5-793C-4ADA-BC1F-715D40A7B2D3}.Debug|Any CPU.ActiveCfg = Debug|Any CPU
		{C3E0B2E5-793C-4ADA-BC1F-715D40A7B2D3}.Debug|Any CPU.Build.0 = Debug|Any CPU
		{C3E0B2E5-793C-4ADA-BC1F-715D40A7B2D3}.Release|Any CPU.ActiveCfg = Release|Any CPU
		{C3E0B2E5-793C-4ADA-BC1F-715D40A7B2D3}.Release|Any CPU.Build.0 = Release|Any CPU
		{C3E0B2E5-793C-4ADA-BC1F-715D40A7B2D3}.Debug|iPhoneSimulator.ActiveCfg = Debug|Any CPU
		{C3E0B2E5-793C-4ADA-BC1F-715D40A7B2D3}.Debug|iPhoneSimulator.Build.0 = Debug|Any CPU
		{C3E0B2E5-793C-4ADA-BC1F-715D40A7B2D3}.Release|iPhoneSimulator.ActiveCfg = Release|Any CPU
		{C3E0B2E5-793C-4ADA-BC1F-715D40A7B2D3}.Release|iPhoneSimulator.Build.0 = Release|Any CPU
		{C3E0B2E5-793C-4ADA-BC1F-715D40A7B2D3}.Debug|iPhone.ActiveCfg = Debug|Any CPU
		{C3E0B2E5-793C-4ADA-BC1F-715D40A7B2D3}.Debug|iPhone.Build.0 = Debug|Any CPU
		{C3E0B2E5-793C-4ADA-BC1F-715D40A7B2D3}.Release|iPhone.ActiveCfg = Release|Any CPU
		{C3E0B2E5-793C-4ADA-BC1F-715D40A7B2D3}.Release|iPhone.Build.0 = Release|Any CPU
		{A77377EF-92CC-47A2-BF6F-32E46567CAF9}.Debug|Any CPU.ActiveCfg = Debug|Any CPU
		{A77377EF-92CC-47A2-BF6F-32E46567CAF9}.Debug|Any CPU.Build.0 = Debug|Any CPU
		{A77377EF-92CC-47A2-BF6F-32E46567CAF9}.Release|Any CPU.ActiveCfg = Release|Any CPU
		{A77377EF-92CC-47A2-BF6F-32E46567CAF9}.Release|Any CPU.Build.0 = Release|Any CPU
		{A77377EF-92CC-47A2-BF6F-32E46567CAF9}.Debug|iPhoneSimulator.ActiveCfg = Debug|Any CPU
		{A77377EF-92CC-47A2-BF6F-32E46567CAF9}.Debug|iPhoneSimulator.Build.0 = Debug|Any CPU
		{A77377EF-92CC-47A2-BF6F-32E46567CAF9}.Release|iPhoneSimulator.ActiveCfg = Release|Any CPU
		{A77377EF-92CC-47A2-BF6F-32E46567CAF9}.Release|iPhoneSimulator.Build.0 = Release|Any CPU
		{A77377EF-92CC-47A2-BF6F-32E46567CAF9}.Debug|iPhone.ActiveCfg = Debug|Any CPU
		{A77377EF-92CC-47A2-BF6F-32E46567CAF9}.Debug|iPhone.Build.0 = Debug|Any CPU
		{A77377EF-92CC-47A2-BF6F-32E46567CAF9}.Release|iPhone.ActiveCfg = Release|Any CPU
		{A77377EF-92CC-47A2-BF6F-32E46567CAF9}.Release|iPhone.Build.0 = Release|Any CPU
		{DEF4C9A9-3E18-44C5-AFA1-A1D684E22D33}.Debug|Any CPU.ActiveCfg = Debug|iPhoneSimulator
		{DEF4C9A9-3E18-44C5-AFA1-A1D684E22D33}.Debug|Any CPU.Build.0 = Debug|iPhoneSimulator
		{DEF4C9A9-3E18-44C5-AFA1-A1D684E22D33}.Release|Any CPU.ActiveCfg = Release|iPhoneSimulator
		{DEF4C9A9-3E18-44C5-AFA1-A1D684E22D33}.Release|Any CPU.Build.0 = Release|iPhoneSimulator
		{DEF4C9A9-3E18-44C5-AFA1-A1D684E22D33}.Debug|iPhoneSimulator.ActiveCfg = Debug|iPhoneSimulator
		{DEF4C9A9-3E18-44C5-AFA1-A1D684E22D33}.Debug|iPhoneSimulator.Build.0 = Debug|iPhoneSimulator
		{DEF4C9A9-3E18-44C5-AFA1-A1D684E22D33}.Release|iPhoneSimulator.ActiveCfg = Release|iPhoneSimulator
		{DEF4C9A9-3E18-44C5-AFA1-A1D684E22D33}.Release|iPhoneSimulator.Build.0 = Release|iPhoneSimulator
		{DEF4C9A9-3E18-44C5-AFA1-A1D684E22D33}.Debug|iPhone.ActiveCfg = Debug|iPhone
		{DEF4C9A9-3E18-44C5-AFA1-A1D684E22D33}.Debug|iPhone.Build.0 = Debug|iPhone
		{DEF4C9A9-3E18-44C5-AFA1-A1D684E22D33}.Release|iPhone.ActiveCfg = Release|iPhone
		{DEF4C9A9-3E18-44C5-AFA1-A1D684E22D33}.Release|iPhone.Build.0 = Release|iPhone
		{85DE294A-FEC0-4363-9ABD-8B178D938786}.Debug|Any CPU.ActiveCfg = Debug|Any CPU
		{85DE294A-FEC0-4363-9ABD-8B178D938786}.Debug|Any CPU.Build.0 = Debug|Any CPU
		{85DE294A-FEC0-4363-9ABD-8B178D938786}.Release|Any CPU.ActiveCfg = Release|Any CPU
		{85DE294A-FEC0-4363-9ABD-8B178D938786}.Release|Any CPU.Build.0 = Release|Any CPU
		{85DE294A-FEC0-4363-9ABD-8B178D938786}.Debug|iPhoneSimulator.ActiveCfg = Debug|Any CPU
		{85DE294A-FEC0-4363-9ABD-8B178D938786}.Debug|iPhoneSimulator.Build.0 = Debug|Any CPU
		{85DE294A-FEC0-4363-9ABD-8B178D938786}.Release|iPhoneSimulator.ActiveCfg = Release|Any CPU
		{85DE294A-FEC0-4363-9ABD-8B178D938786}.Release|iPhoneSimulator.Build.0 = Release|Any CPU
		{85DE294A-FEC0-4363-9ABD-8B178D938786}.Debug|iPhone.ActiveCfg = Debug|Any CPU
		{85DE294A-FEC0-4363-9ABD-8B178D938786}.Debug|iPhone.Build.0 = Debug|Any CPU
		{85DE294A-FEC0-4363-9ABD-8B178D938786}.Release|iPhone.ActiveCfg = Release|Any CPU
		{85DE294A-FEC0-4363-9ABD-8B178D938786}.Release|iPhone.Build.0 = Release|Any CPU
	EndGlobalSection
EndGlobal
